
Microsoft Visual Studio Solution File, Format Version 12.00
# Visual Studio Version 16
VisualStudioVersion = 16.0.32407.337
MinimumVisualStudioVersion = 10.0.40219.1
Project("{9A19103F-16F7-4668-BE54-9A1E7A4F7556}") = "TeacherPortal_WPF", "TeacherPortal_WPF\TeacherPortal_WPF.csproj", "{C29BA823-E06A-408C-BDDD-BB1EB7C3C1F6}"
EndProject
Global
	GlobalSection(SolutionConfigurationPlatforms) = preSolution
		Debug|Any CPU = Debug|Any CPU
		Debug|x64 = Debug|x64
		Release|Any CPU = Release|Any CPU
		Release|x64 = Release|x64
	EndGlobalSection
	GlobalSection(ProjectConfigurationPlatforms) = postSolution
		{C29BA823-E06A-408C-BDDD-BB1EB7C3C1F6}.Debug|Any CPU.ActiveCfg = Debug|Any CPU
		{C29BA823-E06A-408C-BDDD-BB1EB7C3C1F6}.Debug|Any CPU.Build.0 = Debug|Any CPU
		{C29BA823-E06A-408C-BDDD-BB1EB7C3C1F6}.Debug|x64.ActiveCfg = Debug|x64
		{C29BA823-E06A-408C-BDDD-BB1EB7C3C1F6}.Debug|x64.Build.0 = Debug|x64
		{C29BA823-E06A-408C-BDDD-BB1EB7C3C1F6}.Release|Any CPU.ActiveCfg = Release|Any CPU
		{C29BA823-E06A-408C-BDDD-BB1EB7C3C1F6}.Release|Any CPU.Build.0 = Release|Any CPU
		{C29BA823-E06A-408C-BDDD-BB1EB7C3C1F6}.Release|x64.ActiveCfg = Release|x64
		{C29BA823-E06A-408C-BDDD-BB1EB7C3C1F6}.Release|x64.Build.0 = Release|x64
	EndGlobalSection
	GlobalSection(SolutionProperties) = preSolution
		HideSolutionNode = FALSE
	EndGlobalSection
	GlobalSection(ExtensibilityGlobals) = postSolution
		SolutionGuid = {A9394B1C-DA1F-4D05-B840-A2404810AE4A}
	EndGlobalSection
EndGlobal
